
Microsoft Visual Studio Solution File, Format Version 12.00
# Visual Studio Version 17
VisualStudioVersion = 17.13.35931.197 d17.13
MinimumVisualStudioVersion = 10.0.40219.1
Project("{FAE04EC0-301F-11D3-BF4B-00C04F79EFBC}") = "task-05-debug-refactor-pack", "task-05-debug-refactor-pack.csproj", "{30E9F5AE-1BD0-41E1-8B6D-6F397B59CE9D}"
EndProject
Global
	GlobalSection(SolutionConfigurationPlatforms) = preSolution
		Debug|Any CPU = Debug|Any CPU
		Release|Any CPU = Release|Any CPU
	EndGlobalSection
	GlobalSection(ProjectConfigurationPlatforms) = postSolution
		{30E9F5AE-1BD0-41E1-8B6D-6F397B59CE9D}.Debug|Any CPU.ActiveCfg = Debug|Any CPU
		{30E9F5AE-1BD0-41E1-8B6D-6F397B59CE9D}.Debug|Any CPU.Build.0 = Debug|Any CPU
		{30E9F5AE-1BD0-41E1-8B6D-6F397B59CE9D}.Release|Any CPU.ActiveCfg = Release|Any CPU
		{30E9F5AE-1BD0-41E1-8B6D-6F397B59CE9D}.Release|Any CPU.Build.0 = Release|Any CPU
	EndGlobalSection
	GlobalSection(SolutionProperties) = preSolution
		HideSolutionNode = FALSE
	EndGlobalSection
	GlobalSection(ExtensibilityGlobals) = postSolution
		SolutionGuid = {23A0037F-7908-407D-851D-4E63AD4362CB}
	EndGlobalSection
EndGlobal
