
Microsoft Visual Studio Solution File, Format Version 12.00
# Visual Studio Version 17
VisualStudioVersion = 17.13.35931.197 d17.13
MinimumVisualStudioVersion = 10.0.40219.1
Project("{FAE04EC0-301F-11D3-BF4B-00C04F79EFBC}") = "TrainingCenter.Api", "TrainingCenter.Api\TrainingCenter.Api.csproj", "{7B39E681-0FDF-4344-B45D-0CFCC40B6402}"
EndProject
Global
	GlobalSection(SolutionConfigurationPlatforms) = preSolution
		Debug|Any CPU = Debug|Any CPU
		Release|Any CPU = Release|Any CPU
	EndGlobalSection
	GlobalSection(ProjectConfigurationPlatforms) = postSolution
		{7B39E681-0FDF-4344-B45D-0CFCC40B6402}.Debug|Any CPU.ActiveCfg = Debug|Any CPU
		{7B39E681-0FDF-4344-B45D-0CFCC40B6402}.Debug|Any CPU.Build.0 = Debug|Any CPU
		{7B39E681-0FDF-4344-B45D-0CFCC40B6402}.Release|Any CPU.ActiveCfg = Release|Any CPU
		{7B39E681-0FDF-4344-B45D-0CFCC40B6402}.Release|Any CPU.Build.0 = Release|Any CPU
	EndGlobalSection
	GlobalSection(SolutionProperties) = preSolution
		HideSolutionNode = FALSE
	EndGlobalSection
	GlobalSection(ExtensibilityGlobals) = postSolution
		SolutionGuid = {A3B9C4AB-B441-43F5-9941-116B3BAD101F}
	EndGlobalSection
EndGlobal
