
Microsoft Visual Studio Solution File, Format Version 12.00
# Visual Studio Version 17
VisualStudioVersion = 17.13.35931.197 d17.13
MinimumVisualStudioVersion = 10.0.40219.1
Project("{FAE04EC0-301F-11D3-BF4B-00C04F79EFBC}") = "task-03-products-categories-api", "task-03-products-categories-api.csproj", "{42884B57-DC3A-4F8F-A66B-2AD09BE3DF9B}"
EndProject
Global
	GlobalSection(SolutionConfigurationPlatforms) = preSolution
		Debug|Any CPU = Debug|Any CPU
		Release|Any CPU = Release|Any CPU
	EndGlobalSection
	GlobalSection(ProjectConfigurationPlatforms) = postSolution
		{42884B57-DC3A-4F8F-A66B-2AD09BE3DF9B}.Debug|Any CPU.ActiveCfg = Debug|Any CPU
		{42884B57-DC3A-4F8F-A66B-2AD09BE3DF9B}.Debug|Any CPU.Build.0 = Debug|Any CPU
		{42884B57-DC3A-4F8F-A66B-2AD09BE3DF9B}.Release|Any CPU.ActiveCfg = Release|Any CPU
		{42884B57-DC3A-4F8F-A66B-2AD09BE3DF9B}.Release|Any CPU.Build.0 = Release|Any CPU
	EndGlobalSection
	GlobalSection(SolutionProperties) = preSolution
		HideSolutionNode = FALSE
	EndGlobalSection
	GlobalSection(ExtensibilityGlobals) = postSolution
		SolutionGuid = {3F9CCB6B-A068-4958-9F23-48E4835AAA1A}
	EndGlobalSection
EndGlobal
